lockfileVersion: '9.0'

settings:
  autoInstallPeers: true
  excludeLinksFromLockfile: false

importers:

  .:
    dependencies:
      '@dimforge/rapier2d':
        specifier: ^0.18.2
        version: 0.18.2
      buffer:
        specifier: ^6.0.3
        version: 6.0.3

packages:

  '@dimforge/rapier2d@0.18.2':
    resolution: {integrity: sha512-FabEvRHepzjfTfNfWl1SgaYDknrqTzNCEv9lqnbUScPqJ2HZjZI/1it71Q2LFOagANL7/+s+iXS+GADCm3eFAg==}

  base64-js@1.5.1:
    resolution: {integrity: sha512-AKpaYlHn8t4SVbOHCy+b5+KKgvR4vrsD8vbvrbiQJps7fKDTkjkDry6ji0rUJjC0kzbNePLwzxq8iypo41qeWA==}

  buffer@6.0.3:
    resolution: {integrity: sha512-FTiCpNxtwiZZHEZbcbTIcZjERVICn9yq/pDFkTl95/AxzD1naBctN7YO68riM/gLSDY7sdrMby8hofADYuuqOA==}

  ieee754@1.2.1:
    resolution: {integrity: sha512-dcyqhDvX1C46lXZcVqCpK+FtMRQVdIMN6/Df5js2zouUsqG7I6sFxitIC+7KYK29KdXOLHdu9zL4sFnoVQnqaA==}

snapshots:

  '@dimforge/rapier2d@0.18.2': {}

  base64-js@1.5.1: {}

  buffer@6.0.3:
    dependencies:
      base64-js: 1.5.1
      ieee754: 1.2.1

  ieee754@1.2.1: {}
